
Microsoft Visual Studio Solution File, Format Version 12.00
# Visual Studio Version 17
VisualStudioVersion = 17.8.34525.116
MinimumVisualStudioVersion = 10.0.40219.1
Project("{9A19103F-16F7-4668-BE54-9A1E7A4F7556}") = "DP.Core", "DP.Core\DP.Core.csproj", "{4D2D94B5-A7A0-4DFB-8212-F96B73A22AEF}"
EndProject
Project("{9A19103F-16F7-4668-BE54-9A1E7A4F7556}") = "DP.P001.OpenClosePrinciple.ConsoleApp", "DP.P001.OpenClosePrinciple.ConsoleApp\DP.P001.OpenClosePrinciple.ConsoleApp.csproj", "{DFAC7F29-0402-4B5C-BCBE-009E83E1605B}"
EndProject
Project("{9A19103F-16F7-4668-BE54-9A1E7A4F7556}") = "DP.P002.InterfaceSegregationPrinciple.ConsoleApp", "DP.P002.InterfaceSegregationPrinciple.ConsoleApp\DP.P002.InterfaceSegregationPrinciple.ConsoleApp.csproj", "{1FF91FA7-5832-4F51-840E-E9ACFE8BCC71}"
EndProject
Project("{9A19103F-16F7-4668-BE54-9A1E7A4F7556}") = "DP.P003.DependencyInversionPrinciple.ConsoleApp", "DP.P003.DependencyInversionPrinciple.ConsoleApp\DP.P003.DependencyInversionPrinciple.ConsoleApp.csproj", "{A61F84A7-F4CC-452B-9F7C-9D13A2829B91}"
EndProject
Project("{9A19103F-16F7-4668-BE54-9A1E7A4F7556}") = "DP.BicycleBuildBase", "DP.BicycleBuildBase\DP.BicycleBuildBase.csproj", "{0777B791-AD0C-4F47-B2F9-71C87DEDADBF}"
EndProject
Project("{9A19103F-16F7-4668-BE54-9A1E7A4F7556}") = "DP.P004.BicycleBuild_NoPattern.ConsoleApp", "DP.P004.BicycleBuild_NoPattern.ConsoleApp\DP.P004.BicycleBuild_NoPattern.ConsoleApp.csproj", "{00EE0B75-2E3F-4CF1-A23D-C1D48F55250F}"
EndProject
Project("{9A19103F-16F7-4668-BE54-9A1E7A4F7556}") = "DP.P005.BicycleBuild_SimpleFactoryPattern.ConsoleApp", "DP.P005.BicycleBuild_SimpleFactoryPattern.ConsoleApp\DP.P005.BicycleBuild_SimpleFactoryPattern.ConsoleApp.csproj", "{941240FD-33E4-4CF8-8661-92BC5776509E}"
EndProject
Project("{9A19103F-16F7-4668-BE54-9A1E7A4F7556}") = "DP.P006.BicycleBuild_FactoryMethodPattern.ConsoleApp", "DP.P006.BicycleBuild_FactoryMethodPattern.ConsoleApp\DP.P006.BicycleBuild_FactoryMethodPattern.ConsoleApp.csproj", "{AE821DE0-EC81-454E-8142-E3853D0722F3}"
EndProject
Project("{9A19103F-16F7-4668-BE54-9A1E7A4F7556}") = "DP.P007.BikeBuild_AbstractFactoryPattern.ConsoleApp", "DP.P007.BikeBuild_AbstractFactoryPattern.ConsoleApp\DP.P007.BikeBuild_AbstractFactoryPattern.ConsoleApp.csproj", "{3E3CCC44-549C-4E2B-B7A4-F9ACB3DC4CDF}"
EndProject
Project("{9A19103F-16F7-4668-BE54-9A1E7A4F7556}") = "DP.P008.BikeBuild_BuilderPattern.ConsoleApp", "DP.P008.BikeBuild_BuilderPattern.ConsoleApp\DP.P008.BikeBuild_BuilderPattern.ConsoleApp.csproj", "{FC3EB290-293C-49B2-A922-EEDCEAB7ED05}"
EndProject
Project("{9A19103F-16F7-4668-BE54-9A1E7A4F7556}") = "DP.P009.LaptopBuild_BuilderPattern.ConsoleApp", "DP.P009.LaptopBuild_BuilderPattern.ConsoleApp\DP.P009.LaptopBuild_BuilderPattern.ConsoleApp.csproj", "{B12A8263-A639-4940-8C2D-694B3AC075B5}"
EndProject
Project("{9A19103F-16F7-4668-BE54-9A1E7A4F7556}") = "DP.P010.ReportBuild_BuilderPattern.ConsoleApp", "DP.P010.ReportBuild_BuilderPattern.ConsoleApp\DP.P010.ReportBuild_BuilderPattern.ConsoleApp.csproj", "{CFC19B80-C7AB-4D9C-8291-6042B8E4880A}"
EndProject
Project("{9A19103F-16F7-4668-BE54-9A1E7A4F7556}") = "DP.P011.BikeBuild-ObjectPoolPattern.ConsoleApp", "DP.P011.BikeBuild-ObjectPoolPattern.ConsoleApp\DP.P011.BikeBuild-ObjectPoolPattern.ConsoleApp.csproj", "{EAF14807-26F6-452E-8F53-FCBB17284E2E}"
EndProject
Project("{9A19103F-16F7-4668-BE54-9A1E7A4F7556}") = "DP.P012.Employee_ObjectPoolPattern.ConsoleApp", "DP.P012.Employee_ObjectPoolPattern.ConsoleApp\DP.P012.Employee_ObjectPoolPattern.ConsoleApp.csproj", "{EF87C3A3-48BC-4E57-BB5E-007CD6883417}"
EndProject
Project("{9A19103F-16F7-4668-BE54-9A1E7A4F7556}") = "DP.P013.Employee_MaxObjts_ObjectPoolPattern.ConsoleApp", "DP.P013.Employee_MaxObjts_ObjectPoolPattern.ConsoleApp\DP.P013.Employee_MaxObjts_ObjectPoolPattern.ConsoleApp.csproj", "{A166E4F9-8D12-4155-B8BA-CAC68EDF067C}"
EndProject
Project("{FAE04EC0-301F-11D3-BF4B-00C04F79EFBC}") = "DP.P014.BikeBuild_SingletonPattern.ConsoleApp", "DP.P014.BikeBuild_SingletonPattern.ConsoleApp\DP.P014.BikeBuild_SingletonPattern.ConsoleApp.csproj", "{290D0569-5F4A-4CD1-BE69-FD1F65C48BE8}"
EndProject
Global
	GlobalSection(SolutionConfigurationPlatforms) = preSolution
		Debug|Any CPU = Debug|Any CPU
		Release|Any CPU = Release|Any CPU
	EndGlobalSection
	GlobalSection(ProjectConfigurationPlatforms) = postSolution
		{4D2D94B5-A7A0-4DFB-8212-F96B73A22AEF}.Debug|Any CPU.ActiveCfg = Debug|Any CPU
		{4D2D94B5-A7A0-4DFB-8212-F96B73A22AEF}.Debug|Any CPU.Build.0 = Debug|Any CPU
		{4D2D94B5-A7A0-4DFB-8212-F96B73A22AEF}.Release|Any CPU.ActiveCfg = Release|Any CPU
		{4D2D94B5-A7A0-4DFB-8212-F96B73A22AEF}.Release|Any CPU.Build.0 = Release|Any CPU
		{DFAC7F29-0402-4B5C-BCBE-009E83E1605B}.Debug|Any CPU.ActiveCfg = Debug|Any CPU
		{DFAC7F29-0402-4B5C-BCBE-009E83E1605B}.Debug|Any CPU.Build.0 = Debug|Any CPU
		{DFAC7F29-0402-4B5C-BCBE-009E83E1605B}.Release|Any CPU.ActiveCfg = Release|Any CPU
		{DFAC7F29-0402-4B5C-BCBE-009E83E1605B}.Release|Any CPU.Build.0 = Release|Any CPU
		{1FF91FA7-5832-4F51-840E-E9ACFE8BCC71}.Debug|Any CPU.ActiveCfg = Debug|Any CPU
		{1FF91FA7-5832-4F51-840E-E9ACFE8BCC71}.Debug|Any CPU.Build.0 = Debug|Any CPU
		{1FF91FA7-5832-4F51-840E-E9ACFE8BCC71}.Release|Any CPU.ActiveCfg = Release|Any CPU
		{1FF91FA7-5832-4F51-840E-E9ACFE8BCC71}.Release|Any CPU.Build.0 = Release|Any CPU
		{A61F84A7-F4CC-452B-9F7C-9D13A2829B91}.Debug|Any CPU.ActiveCfg = Debug|Any CPU
		{A61F84A7-F4CC-452B-9F7C-9D13A2829B91}.Debug|Any CPU.Build.0 = Debug|Any CPU
		{A61F84A7-F4CC-452B-9F7C-9D13A2829B91}.Release|Any CPU.ActiveCfg = Release|Any CPU
		{A61F84A7-F4CC-452B-9F7C-9D13A2829B91}.Release|Any CPU.Build.0 = Release|Any CPU
		{0777B791-AD0C-4F47-B2F9-71C87DEDADBF}.Debug|Any CPU.ActiveCfg = Debug|Any CPU
		{0777B791-AD0C-4F47-B2F9-71C87DEDADBF}.Debug|Any CPU.Build.0 = Debug|Any CPU
		{0777B791-AD0C-4F47-B2F9-71C87DEDADBF}.Release|Any CPU.ActiveCfg = Release|Any CPU
		{0777B791-AD0C-4F47-B2F9-71C87DEDADBF}.Release|Any CPU.Build.0 = Release|Any CPU
		{00EE0B75-2E3F-4CF1-A23D-C1D48F55250F}.Debug|Any CPU.ActiveCfg = Debug|Any CPU
		{00EE0B75-2E3F-4CF1-A23D-C1D48F55250F}.Debug|Any CPU.Build.0 = Debug|Any CPU
		{00EE0B75-2E3F-4CF1-A23D-C1D48F55250F}.Release|Any CPU.ActiveCfg = Release|Any CPU
		{00EE0B75-2E3F-4CF1-A23D-C1D48F55250F}.Release|Any CPU.Build.0 = Release|Any CPU
		{941240FD-33E4-4CF8-8661-92BC5776509E}.Debug|Any CPU.ActiveCfg = Debug|Any CPU
		{941240FD-33E4-4CF8-8661-92BC5776509E}.Debug|Any CPU.Build.0 = Debug|Any CPU
		{941240FD-33E4-4CF8-8661-92BC5776509E}.Release|Any CPU.ActiveCfg = Release|Any CPU
		{941240FD-33E4-4CF8-8661-92BC5776509E}.Release|Any CPU.Build.0 = Release|Any CPU
		{AE821DE0-EC81-454E-8142-E3853D0722F3}.Debug|Any CPU.ActiveCfg = Debug|Any CPU
		{AE821DE0-EC81-454E-8142-E3853D0722F3}.Debug|Any CPU.Build.0 = Debug|Any CPU
		{AE821DE0-EC81-454E-8142-E3853D0722F3}.Release|Any CPU.ActiveCfg = Release|Any CPU
		{AE821DE0-EC81-454E-8142-E3853D0722F3}.Release|Any CPU.Build.0 = Release|Any CPU
		{3E3CCC44-549C-4E2B-B7A4-F9ACB3DC4CDF}.Debug|Any CPU.ActiveCfg = Debug|Any CPU
		{3E3CCC44-549C-4E2B-B7A4-F9ACB3DC4CDF}.Debug|Any CPU.Build.0 = Debug|Any CPU
		{3E3CCC44-549C-4E2B-B7A4-F9ACB3DC4CDF}.Release|Any CPU.ActiveCfg = Release|Any CPU
		{3E3CCC44-549C-4E2B-B7A4-F9ACB3DC4CDF}.Release|Any CPU.Build.0 = Release|Any CPU
		{FC3EB290-293C-49B2-A922-EEDCEAB7ED05}.Debug|Any CPU.ActiveCfg = Debug|Any CPU
		{FC3EB290-293C-49B2-A922-EEDCEAB7ED05}.Debug|Any CPU.Build.0 = Debug|Any CPU
		{FC3EB290-293C-49B2-A922-EEDCEAB7ED05}.Release|Any CPU.ActiveCfg = Release|Any CPU
		{FC3EB290-293C-49B2-A922-EEDCEAB7ED05}.Release|Any CPU.Build.0 = Release|Any CPU
		{B12A8263-A639-4940-8C2D-694B3AC075B5}.Debug|Any CPU.ActiveCfg = Debug|Any CPU
		{B12A8263-A639-4940-8C2D-694B3AC075B5}.Debug|Any CPU.Build.0 = Debug|Any CPU
		{B12A8263-A639-4940-8C2D-694B3AC075B5}.Release|Any CPU.ActiveCfg = Release|Any CPU
		{B12A8263-A639-4940-8C2D-694B3AC075B5}.Release|Any CPU.Build.0 = Release|Any CPU
		{CFC19B80-C7AB-4D9C-8291-6042B8E4880A}.Debug|Any CPU.ActiveCfg = Debug|Any CPU
		{CFC19B80-C7AB-4D9C-8291-6042B8E4880A}.Debug|Any CPU.Build.0 = Debug|Any CPU
		{CFC19B80-C7AB-4D9C-8291-6042B8E4880A}.Release|Any CPU.ActiveCfg = Release|Any CPU
		{CFC19B80-C7AB-4D9C-8291-6042B8E4880A}.Release|Any CPU.Build.0 = Release|Any CPU
		{EAF14807-26F6-452E-8F53-FCBB17284E2E}.Debug|Any CPU.ActiveCfg = Debug|Any CPU
		{EAF14807-26F6-452E-8F53-FCBB17284E2E}.Debug|Any CPU.Build.0 = Debug|Any CPU
		{EAF14807-26F6-452E-8F53-FCBB17284E2E}.Release|Any CPU.ActiveCfg = Release|Any CPU
		{EAF14807-26F6-452E-8F53-FCBB17284E2E}.Release|Any CPU.Build.0 = Release|Any CPU
		{EF87C3A3-48BC-4E57-BB5E-007CD6883417}.Debug|Any CPU.ActiveCfg = Debug|Any CPU
		{EF87C3A3-48BC-4E57-BB5E-007CD6883417}.Debug|Any CPU.Build.0 = Debug|Any CPU
		{EF87C3A3-48BC-4E57-BB5E-007CD6883417}.Release|Any CPU.ActiveCfg = Release|Any CPU
		{EF87C3A3-48BC-4E57-BB5E-007CD6883417}.Release|Any CPU.Build.0 = Release|Any CPU
		{A166E4F9-8D12-4155-B8BA-CAC68EDF067C}.Debug|Any CPU.ActiveCfg = Debug|Any CPU
		{A166E4F9-8D12-4155-B8BA-CAC68EDF067C}.Debug|Any CPU.Build.0 = Debug|Any CPU
		{A166E4F9-8D12-4155-B8BA-CAC68EDF067C}.Release|Any CPU.ActiveCfg = Release|Any CPU
		{A166E4F9-8D12-4155-B8BA-CAC68EDF067C}.Release|Any CPU.Build.0 = Release|Any CPU
		{290D0569-5F4A-4CD1-BE69-FD1F65C48BE8}.Debug|Any CPU.ActiveCfg = Debug|Any CPU
		{290D0569-5F4A-4CD1-BE69-FD1F65C48BE8}.Debug|Any CPU.Build.0 = Debug|Any CPU
		{290D0569-5F4A-4CD1-BE69-FD1F65C48BE8}.Release|Any CPU.ActiveCfg = Release|Any CPU
		{290D0569-5F4A-4CD1-BE69-FD1F65C48BE8}.Release|Any CPU.Build.0 = Release|Any CPU
	EndGlobalSection
	GlobalSection(SolutionProperties) = preSolution
		HideSolutionNode = FALSE
	EndGlobalSection
	GlobalSection(ExtensibilityGlobals) = postSolution
		SolutionGuid = {6DBF2B5D-D98B-4E2A-9BDC-29068B555FAE}
	EndGlobalSection
EndGlobal
